// !$*UTF8*$!
{
	archiveVersion = 1;
	classes = {
	};
	objectVersion = 50;
	objects = {

/* Begin PBXBuildFile section */
		4FDF5B7621B7D29F003A29FD /* AppDelegate.swift in Sources */ = {isa = PBXBuildFile; fileRef = 4FDF5B7521B7D29F003A29FD /* AppDelegate.swift */; };
		4FDF5B7821B7D29F003A29FD /* ViewController.swift in Sources */ = {isa = PBXBuildFile; fileRef = 4FDF5B7721B7D29F003A29FD /* ViewController.swift */; };
		4FDF5B7B21B7D29F003A29FD /* Main.storyboard in Resources */ = {isa = PBXBuildFile; fileRef = 4FDF5B7921B7D29F003A29FD /* Main.storyboard */; };
		4FDF5B7D21B7D2A3003A29FD /* Assets.xcassets in Resources */ = {isa = PBXBuildFile; fileRef = 4FDF5B7C21B7D2A3003A29FD /* Assets.xcassets */; };
		4FDF5B8021B7D2A3003A29FD /* LaunchScreen.storyboard in Resources */ = {isa = PBXBuildFile; fileRef = 4FDF5B7E21B7D2A3003A29FD /* LaunchScreen.storyboard */; };
		4FDF5B9221B7D2F0003A29FD /* iconfont.js in Resources */ = {isa = PBXBuildFile; fileRef = 4FDF5B8821B7D2F0003A29FD /* iconfont.js */; };
		4FDF5B9321B7D2F0003A29FD /* demo.css in Resources */ = {isa = PBXBuildFile; fileRef = 4FDF5B8921B7D2F0003A29FD /* demo.css */; };
		4FDF5B9421B7D2F0003A29FD /* iconfont.woff in Resources */ = {isa = PBXBuildFile; fileRef = 4FDF5B8A21B7D2F0003A29FD /* iconfont.woff */; };
		4FDF5B9521B7D2F0003A29FD /* iconfont.eot in Resources */ = {isa = PBXBuildFile; fileRef = 4FDF5B8B21B7D2F0003A29FD /* iconfont.eot */; };
		4FDF5B9621B7D2F0003A29FD /* demo_fontclass.html in Resources */ = {isa = PBXBuildFile; fileRef = 4FDF5B8C21B7D2F0003A29FD /* demo_fontclass.html */; };
		4FDF5B9721B7D2F0003A29FD /* iconfont.ttf in Resources */ = {isa = PBXBuildFile; fileRef = 4FDF5B8D21B7D2F0003A29FD /* iconfont.ttf */; };
		4FDF5B9821B7D2F0003A29FD /* demo_unicode.html in Resources */ = {isa = PBXBuildFile; fileRef = 4FDF5B8E21B7D2F0003A29FD /* demo_unicode.html */; };
		4FDF5B9921B7D2F0003A29FD /* iconfont.svg in Resources */ = {isa = PBXBuildFile; fileRef = 4FDF5B8F21B7D2F0003A29FD /* iconfont.svg */; };
		4FDF5B9A21B7D2F0003A29FD /* iconfont.css in Resources */ = {isa = PBXBuildFile; fileRef = 4FDF5B9021B7D2F0003A29FD /* iconfont.css */; };
		4FDF5B9B21B7D2F0003A29FD /* demo_symbol.html in Resources */ = {isa = PBXBuildFile; fileRef = 4FDF5B9121B7D2F0003A29FD /* demo_symbol.html */; };
		4FDF5B9E21B7D6F0003A29FD /* IconFont.swift in Sources */ = {isa = PBXBuildFile; fileRef = 4FDF5B9D21B7D6F0003A29FD /* IconFont.swift */; };
/* End PBXBuildFile section */

/* Begin PBXFileReference section */
		4FDF5B7221B7D29F003A29FD /* IconFont.app */ = {isa = PBXFileReference; explicitFileType = wrapper.application; includeInIndex = 0; path = IconFont.app; sourceTree = BUILT_PRODUCTS_DIR; };
		4FDF5B7521B7D29F003A29FD /* AppDelegate.swift */ = {isa = PBXFileReference; lastKnownFileType = sourcecode.swift; path = AppDelegate.swift; sourceTree = "<group>"; };
		4FDF5B7721B7D29F003A29FD /* ViewController.swift */ = {isa = PBXFileReference; lastKnownFileType = sourcecode.swift; path = ViewController.swift; sourceTree = "<group>"; };
		4FDF5B7A21B7D29F003A29FD /* Base */ = {isa = PBXFileReference; lastKnownFileType = file.storyboard; name = Base; path = Base.lproj/Main.storyboard; sourceTree = "<group>"; };
		4FDF5B7C21B7D2A3003A29FD /* Assets.xcassets */ = {isa = PBXFileReference; lastKnownFileType = folder.assetcatalog; path = Assets.xcassets; sourceTree = "<group>"; };
		4FDF5B7F21B7D2A3003A29FD /* Base */ = {isa = PBXFileReference; lastKnownFileType = file.storyboard; name = Base; path = Base.lproj/LaunchScreen.storyboard; sourceTree = "<group>"; };
		4FDF5B8121B7D2A3003A29FD /* Info.plist */ = {isa = PBXFileReference; lastKnownFileType = text.plist.xml; path = Info.plist; sourceTree = "<group>"; };
		4FDF5B8821B7D2F0003A29FD /* iconfont.js */ = {isa = PBXFileReference; fileEncoding = 4; lastKnownFileType = sourcecode.javascript; path = iconfont.js; sourceTree = "<group>"; };
		4FDF5B8921B7D2F0003A29FD /* demo.css */ = {isa = PBXFileReference; fileEncoding = 4; lastKnownFileType = text.css; path = demo.css; sourceTree = "<group>"; };
		4FDF5B8A21B7D2F0003A29FD /* iconfont.woff */ = {isa = PBXFileReference; lastKnownFileType = file; path = iconfont.woff; sourceTree = "<group>"; };
		4FDF5B8B21B7D2F0003A29FD /* iconfont.eot */ = {isa = PBXFileReference; lastKnownFileType = file; path = iconfont.eot; sourceTree = "<group>"; };
		4FDF5B8C21B7D2F0003A29FD /* demo_fontclass.html */ = {isa = PBXFileReference; fileEncoding = 4; lastKnownFileType = text.html; path = demo_fontclass.html; sourceTree = "<group>"; };
		4FDF5B8D21B7D2F0003A29FD /* iconfont.ttf */ = {isa = PBXFileReference; lastKnownFileType = file; path = iconfont.ttf; sourceTree = "<group>"; };
		4FDF5B8E21B7D2F0003A29FD /* demo_unicode.html */ = {isa = PBXFileReference; fileEncoding = 4; lastKnownFileType = text.html; path = demo_unicode.html; sourceTree = "<group>"; };
		4FDF5B8F21B7D2F0003A29FD /* iconfont.svg */ = {isa = PBXFileReference; fileEncoding = 4; lastKnownFileType = text.xml; path = iconfont.svg; sourceTree = "<group>"; };
		4FDF5B9021B7D2F0003A29FD /* iconfont.css */ = {isa = PBXFileReference; fileEncoding = 4; lastKnownFileType = text.css; path = iconfont.css; sourceTree = "<group>"; };
		4FDF5B9121B7D2F0003A29FD /* demo_symbol.html */ = {isa = PBXFileReference; fileEncoding = 4; lastKnownFileType = text.html; path = demo_symbol.html; sourceTree = "<group>"; };
		4FDF5B9D21B7D6F0003A29FD /* IconFont.swift */ = {isa = PBXFileReference; lastKnownFileType = sourcecode.swift; path = IconFont.swift; sourceTree = "<group>"; };
/* End PBXFileReference section */

/* Begin PBXFrameworksBuildPhase section */
		4FDF5B6F21B7D29F003A29FD /* Frameworks */ = {
			isa = PBXFrameworksBuildPhase;
			buildActionMask = 2147483647;
			files = (
			);
			runOnlyForDeploymentPostprocessing = 0;
		};
/* End PBXFrameworksBuildPhase section */

/* Begin PBXGroup section */
		4FDF5B6921B7D29F003A29FD = {
			isa = PBXGroup;
			children = (
				4FDF5B9C21B7D6BA003A29FD /* Class */,
				4FDF5B8721B7D2F0003A29FD /* font_98hc5o9k5q5 */,
				4FDF5B7421B7D29F003A29FD /* IconFont */,
				4FDF5B7321B7D29F003A29FD /* Products */,
			);
			sourceTree = "<group>";
		};
		4FDF5B7321B7D29F003A29FD /* Products */ = {
			isa = PBXGroup;
			children = (
				4FDF5B7221B7D29F003A29FD /* IconFont.app */,
			);
			name = Products;
			sourceTree = "<group>";
		};
		4FDF5B7421B7D29F003A29FD /* IconFont */ = {
			isa = PBXGroup;
			children = (
				4FDF5B7521B7D29F003A29FD /* AppDelegate.swift */,
				4FDF5B7721B7D29F003A29FD /* ViewController.swift */,
				4FDF5B7921B7D29F003A29FD /* Main.storyboard */,
				4FDF5B7C21B7D2A3003A29FD /* Assets.xcassets */,
				4FDF5B7E21B7D2A3003A29FD /* LaunchScreen.storyboard */,
				4FDF5B8121B7D2A3003A29FD /* Info.plist */,
			);
			path = IconFont;
			sourceTree = "<group>";
		};
		4FDF5B8721B7D2F0003A29FD /* font_98hc5o9k5q5 */ = {
			isa = PBXGroup;
			children = (
				4FDF5B8821B7D2F0003A29FD /* iconfont.js */,
				4FDF5B8921B7D2F0003A29FD /* demo.css */,
				4FDF5B8A21B7D2F0003A29FD /* iconfont.woff */,
				4FDF5B8B21B7D2F0003A29FD /* iconfont.eot */,
				4FDF5B8C21B7D2F0003A29FD /* demo_fontclass.html */,
				4FDF5B8D21B7D2F0003A29FD /* iconfont.ttf */,
				4FDF5B8E21B7D2F0003A29FD /* demo_unicode.html */,
				4FDF5B8F21B7D2F0003A29FD /* iconfont.svg */,
				4FDF5B9021B7D2F0003A29FD /* iconfont.css */,
				4FDF5B9121B7D2F0003A29FD /* demo_symbol.html */,
			);
			path = font_98hc5o9k5q5;
			sourceTree = "<group>";
		};
		4FDF5B9C21B7D6BA003A29FD /* Class */ = {
			isa = PBXGroup;
			children = (
				4FDF5B9D21B7D6F0003A29FD /* IconFont.swift */,
			);
			path = Class;
			sourceTree = "<group>";
		};
/* End PBXGroup section */

/* Begin PBXNativeTarget section */
		4FDF5B7121B7D29F003A29FD /* IconFont */ = {
			isa = PBXNativeTarget;
			buildConfigurationList = 4FDF5B8421B7D2A3003A29FD /* Build configuration list for PBXNativeTarget "IconFont" */;
			buildPhases = (
				4FDF5B6E21B7D29F003A29FD /* Sources */,
				4FDF5B6F21B7D29F003A29FD /* Frameworks */,
				4FDF5B7021B7D29F003A29FD /* Resources */,
			);
			buildRules = (
			);
			dependencies = (
			);
			name = IconFont;
			productName = IconFont;
			productReference = 4FDF5B7221B7D29F003A29FD /* IconFont.app */;
			productType = "com.apple.product-type.application";
		};
/* End PBXNativeTarget section */

/* Begin PBXProject section */
		4FDF5B6A21B7D29F003A29FD /* Project object */ = {
			isa = PBXProject;
			attributes = {
				LastSwiftUpdateCheck = 1000;
				LastUpgradeCheck = 1000;
				ORGANIZATIONNAME = taiyh;
				TargetAttributes = {
					4FDF5B7121B7D29F003A29FD = {
						CreatedOnToolsVersion = 10.0;
					};
				};
			};
			buildConfigurationList = 4FDF5B6D21B7D29F003A29FD /* Build configuration list for PBXProject "IconFont" */;
			compatibilityVersion = "Xcode 9.3";
			developmentRegion = en;
			hasScannedForEncodings = 0;
			knownRegions = (
				en,
				Base,
			);
			mainGroup = 4FDF5B6921B7D29F003A29FD;
			productRefGroup = 4FDF5B7321B7D29F003A29FD /* Products */;
			projectDirPath = "";
			projectRoot = "";
			targets = (
				4FDF5B7121B7D29F003A29FD /* IconFont */,
			);
		};
/* End PBXProject section */

/* Begin PBXResourcesBuildPhase section */
		4FDF5B7021B7D29F003A29FD /* Resources */ = {
			isa = PBXResourcesBuildPhase;
			buildActionMask = 2147483647;
			files = (
				4FDF5B9521B7D2F0003A29FD /* iconfont.eot in Resources */,
				4FDF5B8021B7D2A3003A29FD /* LaunchScreen.storyboard in Resources */,
				4FDF5B9721B7D2F0003A29FD /* iconfont.ttf in Resources */,
				4FDF5B9321B7D2F0003A29FD /* demo.css in Resources */,
				4FDF5B7D21B7D2A3003A29FD /* Assets.xcassets in Resources */,
				4FDF5B9921B7D2F0003A29FD /* iconfont.svg in Resources */,
				4FDF5B9221B7D2F0003A29FD /* iconfont.js in Resources */,
				4FDF5B7B21B7D29F003A29FD /* Main.storyboard in Resources */,
				4FDF5B9421B7D2F0003A29FD /* iconfont.woff in Resources */,
				4FDF5B9621B7D2F0003A29FD /* demo_fontclass.html in Resources */,
				4FDF5B9B21B7D2F0003A29FD /* demo_symbol.html in Resources */,
				4FDF5B9821B7D2F0003A29FD /* demo_unicode.html in Resources */,
				4FDF5B9A21B7D2F0003A29FD /* iconfont.css in Resources */,
			);
			runOnlyForDeploymentPostprocessing = 0;
		};
/* End PBXResourcesBuildPhase section */

/* Begin PBXSourcesBuildPhase section */
		4FDF5B6E21B7D29F003A29FD /* Sources */ = {
			isa = PBXSourcesBuildPhase;
			buildActionMask = 2147483647;
			files = (
				4FDF5B7821B7D29F003A29FD /* ViewController.swift in Sources */,
				4FDF5B9E21B7D6F0003A29FD /* IconFont.swift in Sources */,
				4FDF5B7621B7D29F003A29FD /* AppDelegate.swift in Sources */,
			);
			runOnlyForDeploymentPostprocessing = 0;
		};
/* End PBXSourcesBuildPhase section */

/* Begin PBXVariantGroup section */
		4FDF5B7921B7D29F003A29FD /* Main.storyboard */ = {
			isa = PBXVariantGroup;
			children = (
				4FDF5B7A21B7D29F003A29FD /* Base */,
			);
			name = Main.storyboard;
			sourceTree = "<group>";
		};
		4FDF5B7E21B7D2A3003A29FD /* LaunchScreen.storyboard */ = {
			isa = PBXVariantGroup;
			children = (
				4FDF5B7F21B7D2A3003A29FD /* Base */,
			);
			name = LaunchScreen.storyboard;
			sourceTree = "<group>";
		};
/* End PBXVariantGroup section */

/* Begin XCBuildConfiguration section */
		4FDF5B8221B7D2A3003A29FD /* Debug */ = {
			isa = XCBuildConfiguration;
			buildSettings = {
				ALWAYS_SEARCH_USER_PATHS = NO;
				CLANG_ANALYZER_NONNULL = YES;
				CLANG_ANALYZER_NUMBER_OBJECT_CONVERSION = YES_AGGRESSIVE;
				CLANG_CXX_LANGUAGE_STANDARD = "gnu++14";
				CLANG_CXX_LIBRARY = "libc++";
				CLANG_ENABLE_MODULES = YES;
				CLANG_ENABLE_OBJC_ARC = YES;
				CLANG_ENABLE_OBJC_WEAK = YES;
				CLANG_WARN_BLOCK_CAPTURE_AUTORELEASING = YES;
				CLANG_WARN_BOOL_CONVERSION = YES;
				CLANG_WARN_COMMA = YES;
				CLANG_WARN_CONSTANT_CONVERSION = YES;
				CLANG_WARN_DEPRECATED_OBJC_IMPLEMENTATIONS = YES;
				CLANG_WARN_DIRECT_OBJC_ISA_USAGE = YES_ERROR;
				CLANG_WARN_DOCUMENTATION_COMMENTS = YES;
				CLANG_WARN_EMPTY_BODY = YES;
				CLANG_WARN_ENUM_CONVERSION = YES;
				CLANG_WARN_INFINITE_RECURSION = YES;
				CLANG_WARN_INT_CONVERSION = YES;
				CLANG_WARN_NON_LITERAL_NULL_CONVERSION = YES;
				CLANG_WARN_OBJC_IMPLICIT_RETAIN_SELF = YES;
				CLANG_WARN_OBJC_LITERAL_CONVERSION = YES;
				CLANG_WARN_OBJC_ROOT_CLASS = YES_ERROR;
				CLANG_WARN_RANGE_LOOP_ANALYSIS = YES;
				CLANG_WARN_STRICT_PROTOTYPES = YES;
				CLANG_WARN_SUSPICIOUS_MOVE = YES;
				CLANG_WARN_UNGUARDED_AVAILABILITY = YES_AGGRESSIVE;
				CLANG_WARN_UNREACHABLE_CODE = YES;
				CLANG_WARN__DUPLICATE_METHOD_MATCH = YES;
				CODE_SIGN_IDENTITY = "iPhone Developer";
				COPY_PHASE_STRIP = NO;
				DEBUG_INFORMATION_FORMAT = dwarf;
				ENABLE_STRICT_OBJC_MSGSEND = YES;
				ENABLE_TESTABILITY = YES;
				GCC_C_LANGUAGE_STANDARD = gnu11;
				GCC_DYNAMIC_NO_PIC = NO;
				GCC_NO_COMMON_BLOCKS = YES;
				GCC_OPTIMIZATION_LEVEL = 0;
				GCC_PREPROCESSOR_DEFINITIONS = (
					"DEBUG=1",
					"$(inherited)",
				);
				GCC_WARN_64_TO_32_BIT_CONVERSION = YES;
				GCC_WARN_ABOUT_RETURN_TYPE = YES_ERROR;
				GCC_WARN_UNDECLARED_SELECTOR = YES;
				GCC_WARN_UNINITIALIZED_AUTOS = YES_AGGRESSIVE;
				GCC_WARN_UNUSED_FUNCTION = YES;
				GCC_WARN_UNUSED_VARIABLE = YES;
				IPHONEOS_DEPLOYMENT_TARGET = 12.0;
				MTL_ENABLE_DEBUG_INFO = INCLUDE_SOURCE;
				MTL_FAST_MATH = YES;
				ONLY_ACTIVE_ARCH = YES;
				SDKROOT = iphoneos;
				SWIFT_ACTIVE_COMPILATION_CONDITIONS = DEBUG;
				SWIFT_OPTIMIZATION_LEVEL = "-Onone";
			};
			name = Debug;
		};
		4FDF5B8321B7D2A3003A29FD /* Release */ = {
			isa = XCBuildConfiguration;
			buildSettings = {
				ALWAYS_SEARCH_USER_PATHS = NO;
				CLANG_ANALYZER_NONNULL = YES;
				CLANG_ANALYZER_NUMBER_OBJECT_CONVERSION = YES_AGGRESSIVE;
				CLANG_CXX_LANGUAGE_STANDARD = "gnu++14";
				CLANG_CXX_LIBRARY = "libc++";
				CLANG_ENABLE_MODULES = YES;
				CLANG_ENABLE_OBJC_ARC = YES;
				CLANG_ENABLE_OBJC_WEAK = YES;
				CLANG_WARN_BLOCK_CAPTURE_AUTORELEASING = YES;
				CLANG_WARN_BOOL_CONVERSION = YES;
				CLANG_WARN_COMMA = YES;
				CLANG_WARN_CONSTANT_CONVERSION = YES;
				CLANG_WARN_DEPRECATED_OBJC_IMPLEMENTATIONS = YES;
				CLANG_WARN_DIRECT_OBJC_ISA_USAGE = YES_ERROR;
				CLANG_WARN_DOCUMENTATION_COMMENTS = YES;
				CLANG_WARN_EMPTY_BODY = YES;
				CLANG_WARN_ENUM_CONVERSION = YES;
				CLANG_WARN_INFINITE_RECURSION = YES;
				CLANG_WARN_INT_CONVERSION = YES;
				CLANG_WARN_NON_LITERAL_NULL_CONVERSION = YES;
				CLANG_WARN_OBJC_IMPLICIT_RETAIN_SELF = YES;
				CLANG_WARN_OBJC_LITERAL_CONVERSION = YES;
				CLANG_WARN_OBJC_ROOT_CLASS = YES_ERROR;
				CLANG_WARN_RANGE_LOOP_ANALYSIS = YES;
				CLANG_WARN_STRICT_PROTOTYPES = YES;
				CLANG_WARN_SUSPICIOUS_MOVE = YES;
				CLANG_WARN_UNGUARDED_AVAILABILITY = YES_AGGRESSIVE;
				CLANG_WARN_UNREACHABLE_CODE = YES;
				CLANG_WARN__DUPLICATE_METHOD_MATCH = YES;
				CODE_SIGN_IDENTITY = "iPhone Developer";
				COPY_PHASE_STRIP = NO;
				DEBUG_INFORMATION_FORMAT = "dwarf-with-dsym";
				ENABLE_NS_ASSERTIONS = NO;
				ENABLE_STRICT_OBJC_MSGSEND = YES;
				GCC_C_LANGUAGE_STANDARD = gnu11;
				GCC_NO_COMMON_BLOCKS = YES;
				GCC_WARN_64_TO_32_BIT_CONVERSION = YES;
				GCC_WARN_ABOUT_RETURN_TYPE = YES_ERROR;
				GCC_WARN_UNDECLARED_SELECTOR = YES;
				GCC_WARN_UNINITIALIZED_AUTOS = YES_AGGRESSIVE;
				GCC_WARN_UNUSED_FUNCTION = YES;
				GCC_WARN_UNUSED_VARIABLE = YES;
				IPHONEOS_DEPLOYMENT_TARGET = 12.0;
				MTL_ENABLE_DEBUG_INFO = NO;
				MTL_FAST_MATH = YES;
				SDKROOT = iphoneos;
				SWIFT_COMPILATION_MODE = wholemodule;
				SWIFT_OPTIMIZATION_LEVEL = "-O";
				VALIDATE_PRODUCT = YES;
			};
			name = Release;
		};
		4FDF5B8521B7D2A3003A29FD /* Debug */ = {
			isa = XCBuildConfiguration;
			buildSettings = {
				ASSETCATALOG_COMPILER_APPICON_NAME = AppIcon;
				CODE_SIGN_STYLE = Automatic;
				DEVELOPMENT_TEAM = 3NF59D2CW5;
				INFOPLIST_FILE = IconFont/Info.plist;
				LD_RUNPATH_SEARCH_PATHS = (
					"$(inherited)",
					"@executable_path/Frameworks",
				);
				PRODUCT_BUNDLE_IDENTIFIER = com.taiyh.IconFont;
				PRODUCT_NAME = "$(TARGET_NAME)";
				SWIFT_VERSION = 4.2;
				TARGETED_DEVICE_FAMILY = "1,2";
			};
			name = Debug;
		};
		4FDF5B8621B7D2A3003A29FD /* Release */ = {
			isa = XCBuildConfiguration;
			buildSettings = {
				ASSETCATALOG_COMPILER_APPICON_NAME = AppIcon;
				CODE_SIGN_STYLE = Automatic;
				DEVELOPMENT_TEAM = 3NF59D2CW5;
				INFOPLIST_FILE = IconFont/Info.plist;
				LD_RUNPATH_SEARCH_PATHS = (
					"$(inherited)",
					"@executable_path/Frameworks",
				);
				PRODUCT_BUNDLE_IDENTIFIER = com.taiyh.IconFont;
				PRODUCT_NAME = "$(TARGET_NAME)";
				SWIFT_VERSION = 4.2;
				TARGETED_DEVICE_FAMILY = "1,2";
			};
			name = Release;
		};
/* End XCBuildConfiguration section */

/* Begin XCConfigurationList section */
		4FDF5B6D21B7D29F003A29FD /* Build configuration list for PBXProject "IconFont" */ = {
			isa = XCConfigurationList;
			buildConfigurations = (
				4FDF5B8221B7D2A3003A29FD /* Debug */,
				4FDF5B8321B7D2A3003A29FD /* Release */,
			);
			defaultConfigurationIsVisible = 0;
			defaultConfigurationName = Release;
		};
		4FDF5B8421B7D2A3003A29FD /* Build configuration list for PBXNativeTarget "IconFont" */ = {
			isa = XCConfigurationList;
			buildConfigurations = (
				4FDF5B8521B7D2A3003A29FD /* Debug */,
				4FDF5B8621B7D2A3003A29FD /* Release */,
			);
			defaultConfigurationIsVisible = 0;
			defaultConfigurationName = Release;
		};
/* End XCConfigurationList section */
	};
	rootObject = 4FDF5B6A21B7D29F003A29FD /* Project object */;
}
